// !$*UTF8*$!
{
	archiveVersion = 1;
	classes = {
	};
	objectVersion = 46;
	objects = {

/* Begin PBXGroup section */
		AC14CF581B8A943E00A46FBC = {
			isa = PBXGroup;
			children = (
			);
			sourceTree = "<group>";
		};
/* End PBXGroup section */

/* Begin PBXProject section */
		AC14CF591B8A943E00A46FBC /* Project object */ = {
			isa = PBXProject;
			attributes = {
				LastUpgradeCheck = 0600;
			};
			buildConfigurationList = AC14CF5C1B8A943E00A46FBC /* Build configuration list for PBXProject "Wine" */;
			compatibilityVersion = "Xcode 3.2";
			developmentRegion = English;
			hasScannedForEncodings = 0;
			knownRegions = (
				en,
			);
			mainGroup = AC14CF581B8A943E00A46FBC;
			projectDirPath = "";
			projectRoot = "";
			targets = (
			);
		};
/* End PBXProject section */

/* Begin XCBuildConfiguration section */
		AC14CF5D1B8A943E00A46FBC /* Debug */ = {
			isa = XCBuildConfiguration;
			buildSettings = {
			};
			name = Debug;
		};
		AC14CF5E1B8A943E00A46FBC /* Release */ = {
			isa = XCBuildConfiguration;
			buildSettings = {
			};
			name = Release;
		};
/* End XCBuildConfiguration section */

/* Begin XCConfigurationList section */
		AC14CF5C1B8A943E00A46FBC /* Build configuration list for PBXProject "Wine" */ = {
			isa = XCConfigurationList;
			buildConfigurations = (
				AC14CF5D1B8A943E00A46FBC /* Debug */,
				AC14CF5E1B8A943E00A46FBC /* Release */,
			);
			defaultConfigurationIsVisible = 0;
			defaultConfigurationName = Release;
		};
/* End XCConfigurationList section */
	};
	rootObject = AC14CF591B8A943E00A46FBC /* Project object */;
}
